{
  "requires": true,
  "lockfileVersion": 1,
  "dependencies": {
    "@vant/weapp": {
      "version": "1.6.4",
      "resolved": "https://registry.npm.taobao.org/@vant/weapp/download/@vant/weapp-1.6.4.tgz",
      "integrity": "sha512-3vhoMHXS1Gz2FJDDcWnkunP196QYMXBAiKi4ouvZtYDpEFhuX3oaPrxK/ckLliFAfPInujnd+mdMueLaX0aQ2A=="
    },
    "charenc": {
      "version": "0.0.2",
      "resolved": "https://registry.npm.taobao.org/charenc/download/charenc-0.0.2.tgz",
      "integrity": "sha1-wKHS86cJLgN3S/qD8UwPxXkKhmc="
    },
    "crypt": {
      "version": "0.0.2",
      "resolved": "https://registry.npm.taobao.org/crypt/download/crypt-0.0.2.tgz",
      "integrity": "sha1-iNf/fsDfuG9xPch7u0LQRNPmxBs="
    },
    "dayjs": {
      "version": "1.10.3",
      "resolved": "https://registry.npm.taobao.org/dayjs/download/dayjs-1.10.3.tgz?cache=0&sync_timestamp=1610178181125&other_urls=https%3A%2F%2Fregistry.npm.taobao.org%2Fdayjs%2Fdownload%2Fdayjs-1.10.3.tgz",
      "integrity": "sha1-zzNXyOf1CEMoJjcWcuvzdst9YZs="
    },
    "lodash": {
      "version": "4.17.20",
      "resolved": "https://registry.npm.taobao.org/lodash/download/lodash-4.17.20.tgz?cache=0&sync_timestamp=1597336053864&other_urls=https%3A%2F%2Fregistry.npm.taobao.org%2Flodash%2Fdownload%2Flodash-4.17.20.tgz",
      "integrity": "sha1-tEqbYpe8tpjxxRo1RaKzs2jVnFI="
    },
    "sha1": {
      "version": "1.1.1",
      "resolved": "https://registry.npm.taobao.org/sha1/download/sha1-1.1.1.tgz",
      "integrity": "sha1-rdqnqTFo85PxnrKxUJFhjicA+Eg=",
      "requires": {
        "charenc": ">= 0.0.1",
        "crypt": ">= 0.0.1"
      }
    },
    "wx-promise-pro": {
      "version": "3.2.2",
      "resolved": "https://registry.npm.taobao.org/wx-promise-pro/download/wx-promise-pro-3.2.2.tgz",
      "integrity": "sha512-HdytYkp85VRxiidEv53j9+G8YVfDa6pHI5nTJWEsqO1wTR2elACRWuyIIqyVe0kipVFR9UPqWUumruol2+YxPg=="
    }
  }
}
